// !$*UTF8*$!
{
	archiveVersion = 1;
	classes = {
	};
	objectVersion = 46;
	objects = {

/* Begin PBXBuildFile section */
		407E05B11A814360009EEE07 /* AppDelegate.swift in Sources */ = {isa = PBXBuildFile; fileRef = 407E05B01A814360009EEE07 /* AppDelegate.swift */; };
		407E05B31A814360009EEE07 /* ViewController.swift in Sources */ = {isa = PBXBuildFile; fileRef = 407E05B21A814360009EEE07 /* ViewController.swift */; };
		407E05B51A814360009EEE07 /* Images.xcassets in Resources */ = {isa = PBXBuildFile; fileRef = 407E05B41A814360009EEE07 /* Images.xcassets */; };
		407E05B81A814360009EEE07 /* Main.storyboard in Resources */ = {isa = PBXBuildFile; fileRef = 407E05B61A814360009EEE07 /* Main.storyboard */; };
		407E05C41A814360009EEE07 /* SnippetsTests.swift in Sources */ = {isa = PBXBuildFile; fileRef = 407E05C31A814360009EEE07 /* SnippetsTests.swift */; };
/* End PBXBuildFile section */

/* Begin PBXContainerItemProxy section */
		407E05BE1A814360009EEE07 /* PBXContainerItemProxy */ = {
			isa = PBXContainerItemProxy;
			containerPortal = 407E05A31A814360009EEE07 /* Project object */;
			proxyType = 1;
			remoteGlobalIDString = 407E05AA1A814360009EEE07;
			remoteInfo = Snippets;
		};
/* End PBXContainerItemProxy section */

/* Begin PBXFileReference section */
		407E05AB1A814360009EEE07 /* Snippets.app */ = {isa = PBXFileReference; explicitFileType = wrapper.application; includeInIndex = 0; path = Snippets.app; sourceTree = BUILT_PRODUCTS_DIR; };
		407E05AF1A814360009EEE07 /* Info.plist */ = {isa = PBXFileReference; lastKnownFileType = text.plist.xml; path = Info.plist; sourceTree = "<group>"; };
		407E05B01A814360009EEE07 /* AppDelegate.swift */ = {isa = PBXFileReference; lastKnownFileType = sourcecode.swift; path = AppDelegate.swift; sourceTree = "<group>"; };
		407E05B21A814360009EEE07 /* ViewController.swift */ = {isa = PBXFileReference; lastKnownFileType = sourcecode.swift; path = ViewController.swift; sourceTree = "<group>"; };
		407E05B41A814360009EEE07 /* Images.xcassets */ = {isa = PBXFileReference; lastKnownFileType = folder.assetcatalog; path = Images.xcassets; sourceTree = "<group>"; };
		407E05B71A814360009EEE07 /* Base */ = {isa = PBXFileReference; lastKnownFileType = file.storyboard; name = Base; path = Base.lproj/Main.storyboard; sourceTree = "<group>"; };
		407E05BD1A814360009EEE07 /* SnippetsTests.xctest */ = {isa = PBXFileReference; explicitFileType = wrapper.cfbundle; includeInIndex = 0; path = SnippetsTests.xctest; sourceTree = BUILT_PRODUCTS_DIR; };
		407E05C21A814360009EEE07 /* Info.plist */ = {isa = PBXFileReference; lastKnownFileType = text.plist.xml; path = Info.plist; sourceTree = "<group>"; };
		407E05C31A814360009EEE07 /* SnippetsTests.swift */ = {isa = PBXFileReference; lastKnownFileType = sourcecode.swift; path = SnippetsTests.swift; sourceTree = "<group>"; };
/* End PBXFileReference section */

/* Begin PBXFrameworksBuildPhase section */
		407E05A81A814360009EEE07 /* Frameworks */ = {
			isa = PBXFrameworksBuildPhase;
			buildActionMask = 2147483647;
			files = (
			);
			runOnlyForDeploymentPostprocessing = 0;
		};
		407E05BA1A814360009EEE07 /* Frameworks */ = {
			isa = PBXFrameworksBuildPhase;
			buildActionMask = 2147483647;
			files = (
			);
			runOnlyForDeploymentPostprocessing = 0;
		};
/* End PBXFrameworksBuildPhase section */

/* Begin PBXGroup section */
		407E05A21A814360009EEE07 = {
			isa = PBXGroup;
			children = (
				407E05AD1A814360009EEE07 /* Snippets */,
				407E05C01A814360009EEE07 /* SnippetsTests */,
				407E05AC1A814360009EEE07 /* Products */,
			);
			sourceTree = "<group>";
		};
		407E05AC1A814360009EEE07 /* Products */ = {
			isa = PBXGroup;
			children = (
				407E05AB1A814360009EEE07 /* Snippets.app */,
				407E05BD1A814360009EEE07 /* SnippetsTests.xctest */,
			);
			name = Products;
			sourceTree = "<group>";
		};
		407E05AD1A814360009EEE07 /* Snippets */ = {
			isa = PBXGroup;
			children = (
				407E05B01A814360009EEE07 /* AppDelegate.swift */,
				407E05B21A814360009EEE07 /* ViewController.swift */,
				407E05B41A814360009EEE07 /* Images.xcassets */,
				407E05B61A814360009EEE07 /* Main.storyboard */,
				407E05AE1A814360009EEE07 /* Supporting Files */,
			);
			path = Snippets;
			sourceTree = "<group>";
		};
		407E05AE1A814360009EEE07 /* Supporting Files */ = {
			isa = PBXGroup;
			children = (
				407E05AF1A814360009EEE07 /* Info.plist */,
			);
			name = "Supporting Files";
			sourceTree = "<group>";
		};
		407E05C01A814360009EEE07 /* SnippetsTests */ = {
			isa = PBXGroup;
			children = (
				407E05C31A814360009EEE07 /* SnippetsTests.swift */,
				407E05C11A814360009EEE07 /* Supporting Files */,
			);
			path = SnippetsTests;
			sourceTree = "<group>";
		};
		407E05C11A814360009EEE07 /* Supporting Files */ = {
			isa = PBXGroup;
			children = (
				407E05C21A814360009EEE07 /* Info.plist */,
			);
			name = "Supporting Files";
			sourceTree = "<group>";
		};
/* End PBXGroup section */

/* Begin PBXNativeTarget section */
		407E05AA1A814360009EEE07 /* Snippets */ = {
			isa = PBXNativeTarget;
			buildConfigurationList = 407E05C71A814360009EEE07 /* Build configuration list for PBXNativeTarget "Snippets" */;
			buildPhases = (
				407E05A71A814360009EEE07 /* Sources */,
				407E05A81A814360009EEE07 /* Frameworks */,
				407E05A91A814360009EEE07 /* Resources */,
			);
			buildRules = (
			);
			dependencies = (
			);
			name = Snippets;
			productName = Snippets;
			productReference = 407E05AB1A814360009EEE07 /* Snippets.app */;
			productType = "com.apple.product-type.application";
		};
		407E05BC1A814360009EEE07 /* SnippetsTests */ = {
			isa = PBXNativeTarget;
			buildConfigurationList = 407E05CA1A814360009EEE07 /* Build configuration list for PBXNativeTarget "SnippetsTests" */;
			buildPhases = (
				407E05B91A814360009EEE07 /* Sources */,
				407E05BA1A814360009EEE07 /* Frameworks */,
				407E05BB1A814360009EEE07 /* Resources */,
			);
			buildRules = (
			);
			dependencies = (
				407E05BF1A814360009EEE07 /* PBXTargetDependency */,
			);
			name = SnippetsTests;
			productName = SnippetsTests;
			productReference = 407E05BD1A814360009EEE07 /* SnippetsTests.xctest */;
			productType = "com.apple.product-type.bundle.unit-test";
		};
/* End PBXNativeTarget section */

/* Begin PBXProject section */
		407E05A31A814360009EEE07 /* Project object */ = {
			isa = PBXProject;
			attributes = {
				LastUpgradeCheck = 0610;
				ORGANIZATIONNAME = bjoli;
				TargetAttributes = {
					407E05AA1A814360009EEE07 = {
						CreatedOnToolsVersion = 6.1.1;
					};
					407E05BC1A814360009EEE07 = {
						CreatedOnToolsVersion = 6.1.1;
						TestTargetID = 407E05AA1A814360009EEE07;
					};
				};
			};
			buildConfigurationList = 407E05A61A814360009EEE07 /* Build configuration list for PBXProject "Snippets" */;
			compatibilityVersion = "Xcode 3.2";
			developmentRegion = English;
			hasScannedForEncodings = 0;
			knownRegions = (
				en,
				Base,
			);
			mainGroup = 407E05A21A814360009EEE07;
			productRefGroup = 407E05AC1A814360009EEE07 /* Products */;
			projectDirPath = "";
			projectRoot = "";
			targets = (
				407E05AA1A814360009EEE07 /* Snippets */,
				407E05BC1A814360009EEE07 /* SnippetsTests */,
			);
		};
/* End PBXProject section */

/* Begin PBXResourcesBuildPhase section */
		407E05A91A814360009EEE07 /* Resources */ = {
			isa = PBXResourcesBuildPhase;
			buildActionMask = 2147483647;
			files = (
				407E05B51A814360009EEE07 /* Images.xcassets in Resources */,
				407E05B81A814360009EEE07 /* Main.storyboard in Resources */,
			);
			runOnlyForDeploymentPostprocessing = 0;
		};
		407E05BB1A814360009EEE07 /* Resources */ = {
			isa = PBXResourcesBuildPhase;
			buildActionMask = 2147483647;
			files = (
			);
			runOnlyForDeploymentPostprocessing = 0;
		};
/* End PBXResourcesBuildPhase section */

/* Begin PBXSourcesBuildPhase section */
		407E05A71A814360009EEE07 /* Sources */ = {
			isa = PBXSourcesBuildPhase;
			buildActionMask = 2147483647;
			files = (
				407E05B31A814360009EEE07 /* ViewController.swift in Sources */,
				407E05B11A814360009EEE07 /* AppDelegate.swift in Sources */,
			);
			runOnlyForDeploymentPostprocessing = 0;
		};
		407E05B91A814360009EEE07 /* Sources */ = {
			isa = PBXSourcesBuildPhase;
			buildActionMask = 2147483647;
			files = (
				407E05C41A814360009EEE07 /* SnippetsTests.swift in Sources */,
			);
			runOnlyForDeploymentPostprocessing = 0;
		};
/* End PBXSourcesBuildPhase section */

/* Begin PBXTargetDependency section */
		407E05BF1A814360009EEE07 /* PBXTargetDependency */ = {
			isa = PBXTargetDependency;
			target = 407E05AA1A814360009EEE07 /* Snippets */;
			targetProxy = 407E05BE1A814360009EEE07 /* PBXContainerItemProxy */;
		};
/* End PBXTargetDependency section */

/* Begin PBXVariantGroup section */
		407E05B61A814360009EEE07 /* Main.storyboard */ = {
			isa = PBXVariantGroup;
			children = (
				407E05B71A814360009EEE07 /* Base */,
			);
			name = Main.storyboard;
			sourceTree = "<group>";
		};
/* End PBXVariantGroup section */

/* Begin XCBuildConfiguration section */
		407E05C51A814360009EEE07 /* Debug */ = {
			isa = XCBuildConfiguration;
			buildSettings = {
				ALWAYS_SEARCH_USER_PATHS = NO;
				CLANG_CXX_LANGUAGE_STANDARD = "gnu++0x";
				CLANG_CXX_LIBRARY = "libc++";
				CLANG_ENABLE_MODULES = YES;
				CLANG_ENABLE_OBJC_ARC = YES;
				CLANG_WARN_BOOL_CONVERSION = YES;
				CLANG_WARN_CONSTANT_CONVERSION = YES;
				CLANG_WARN_DIRECT_OBJC_ISA_USAGE = YES_ERROR;
				CLANG_WARN_EMPTY_BODY = YES;
				CLANG_WARN_ENUM_CONVERSION = YES;
				CLANG_WARN_INT_CONVERSION = YES;
				CLANG_WARN_OBJC_ROOT_CLASS = YES_ERROR;
				CLANG_WARN_UNREACHABLE_CODE = YES;
				CLANG_WARN__DUPLICATE_METHOD_MATCH = YES;
				CODE_SIGN_IDENTITY = "-";
				COPY_PHASE_STRIP = NO;
				ENABLE_STRICT_OBJC_MSGSEND = YES;
				GCC_C_LANGUAGE_STANDARD = gnu99;
				GCC_DYNAMIC_NO_PIC = NO;
				GCC_OPTIMIZATION_LEVEL = 0;
				GCC_PREPROCESSOR_DEFINITIONS = (
					"DEBUG=1",
					"$(inherited)",
				);
				GCC_SYMBOLS_PRIVATE_EXTERN = NO;
				GCC_WARN_64_TO_32_BIT_CONVERSION = YES;
				GCC_WARN_ABOUT_RETURN_TYPE = YES_ERROR;
				GCC_WARN_UNDECLARED_SELECTOR = YES;
				GCC_WARN_UNINITIALIZED_AUTOS = YES_AGGRESSIVE;
				GCC_WARN_UNUSED_FUNCTION = YES;
				GCC_WARN_UNUSED_VARIABLE = YES;
				MACOSX_DEPLOYMENT_TARGET = 10.10;
				MTL_ENABLE_DEBUG_INFO = YES;
				ONLY_ACTIVE_ARCH = YES;
				SDKROOT = macosx;
				SWIFT_OPTIMIZATION_LEVEL = "-Onone";
			};
			name = Debug;
		};
		407E05C61A814360009EEE07 /* Release */ = {
			isa = XCBuildConfiguration;
			buildSettings = {
				ALWAYS_SEARCH_USER_PATHS = NO;
				CLANG_CXX_LANGUAGE_STANDARD = "gnu++0x";
				CLANG_CXX_LIBRARY = "libc++";
				CLANG_ENABLE_MODULES = YES;
				CLANG_ENABLE_OBJC_ARC = YES;
				CLANG_WARN_BOOL_CONVERSION = YES;
				CLANG_WARN_CONSTANT_CONVERSION = YES;
				CLANG_WARN_DIRECT_OBJC_ISA_USAGE = YES_ERROR;
				CLANG_WARN_EMPTY_BODY = YES;
				CLANG_WARN_ENUM_CONVERSION = YES;
				CLANG_WARN_INT_CONVERSION = YES;
				CLANG_WARN_OBJC_ROOT_CLASS = YES_ERROR;
				CLANG_WARN_UNREACHABLE_CODE = YES;
				CLANG_WARN__DUPLICATE_METHOD_MATCH = YES;
				CODE_SIGN_IDENTITY = "-";
				COPY_PHASE_STRIP = YES;
				DEBUG_INFORMATION_FORMAT = "dwarf-with-dsym";
				ENABLE_NS_ASSERTIONS = NO;
				ENABLE_STRICT_OBJC_MSGSEND = YES;
				GCC_C_LANGUAGE_STANDARD = gnu99;
				GCC_WARN_64_TO_32_BIT_CONVERSION = YES;
				GCC_WARN_ABOUT_RETURN_TYPE = YES_ERROR;
				GCC_WARN_UNDECLARED_SELECTOR = YES;
				GCC_WARN_UNINITIALIZED_AUTOS = YES_AGGRESSIVE;
				GCC_WARN_UNUSED_FUNCTION = YES;
				GCC_WARN_UNUSED_VARIABLE = YES;
				MACOSX_DEPLOYMENT_TARGET = 10.10;
				MTL_ENABLE_DEBUG_INFO = NO;
				SDKROOT = macosx;
			};
			name = Release;
		};
		407E05C81A814360009EEE07 /* Debug */ = {
			isa = XCBuildConfiguration;
			buildSettings = {
				ASSETCATALOG_COMPILER_APPICON_NAME = AppIcon;
				COMBINE_HIDPI_IMAGES = YES;
				INFOPLIST_FILE = Snippets/Info.plist;
				LD_RUNPATH_SEARCH_PATHS = "$(inherited) @executable_path/../Frameworks";
				PRODUCT_NAME = "$(TARGET_NAME)";
			};
			name = Debug;
		};
		407E05C91A814360009EEE07 /* Release */ = {
			isa = XCBuildConfiguration;
			buildSettings = {
				ASSETCATALOG_COMPILER_APPICON_NAME = AppIcon;
				COMBINE_HIDPI_IMAGES = YES;
				INFOPLIST_FILE = Snippets/Info.plist;
				LD_RUNPATH_SEARCH_PATHS = "$(inherited) @executable_path/../Frameworks";
				PRODUCT_NAME = "$(TARGET_NAME)";
			};
			name = Release;
		};
		407E05CB1A814360009EEE07 /* Debug */ = {
			isa = XCBuildConfiguration;
			buildSettings = {
				BUNDLE_LOADER = "$(TEST_HOST)";
				COMBINE_HIDPI_IMAGES = YES;
				FRAMEWORK_SEARCH_PATHS = (
					"$(DEVELOPER_FRAMEWORKS_DIR)",
					"$(inherited)",
				);
				GCC_PREPROCESSOR_DEFINITIONS = (
					"DEBUG=1",
					"$(inherited)",
				);
				INFOPLIST_FILE = SnippetsTests/Info.plist;
				LD_RUNPATH_SEARCH_PATHS = "$(inherited) @executable_path/../Frameworks @loader_path/../Frameworks";
				PRODUCT_NAME = "$(TARGET_NAME)";
				TEST_HOST = "$(BUILT_PRODUCTS_DIR)/Snippets.app/Contents/MacOS/Snippets";
			};
			name = Debug;
		};
		407E05CC1A814360009EEE07 /* Release */ = {
			isa = XCBuildConfiguration;
			buildSettings = {
				BUNDLE_LOADER = "$(TEST_HOST)";
				COMBINE_HIDPI_IMAGES = YES;
				FRAMEWORK_SEARCH_PATHS = (
					"$(DEVELOPER_FRAMEWORKS_DIR)",
					"$(inherited)",
				);
				INFOPLIST_FILE = SnippetsTests/Info.plist;
				LD_RUNPATH_SEARCH_PATHS = "$(inherited) @executable_path/../Frameworks @loader_path/../Frameworks";
				PRODUCT_NAME = "$(TARGET_NAME)";
				TEST_HOST = "$(BUILT_PRODUCTS_DIR)/Snippets.app/Contents/MacOS/Snippets";
			};
			name = Release;
		};
/* End XCBuildConfiguration section */

/* Begin XCConfigurationList section */
		407E05A61A814360009EEE07 /* Build configuration list for PBXProject "Snippets" */ = {
			isa = XCConfigurationList;
			buildConfigurations = (
				407E05C51A814360009EEE07 /* Debug */,
				407E05C61A814360009EEE07 /* Release */,
			);
			defaultConfigurationIsVisible = 0;
			defaultConfigurationName = Release;
		};
		407E05C71A814360009EEE07 /* Build configuration list for PBXNativeTarget "Snippets" */ = {
			isa = XCConfigurationList;
			buildConfigurations = (
				407E05C81A814360009EEE07 /* Debug */,
				407E05C91A814360009EEE07 /* Release */,
			);
			defaultConfigurationIsVisible = 0;
		};
		407E05CA1A814360009EEE07 /* Build configuration list for PBXNativeTarget "SnippetsTests" */ = {
			isa = XCConfigurationList;
			buildConfigurations = (
				407E05CB1A814360009EEE07 /* Debug */,
				407E05CC1A814360009EEE07 /* Release */,
			);
			defaultConfigurationIsVisible = 0;
		};
/* End XCConfigurationList section */
	};
	rootObject = 407E05A31A814360009EEE07 /* Project object */;
}
